
Microsoft Visual Studio Solution File, Format Version 12.00
# Visual Studio Version 17
VisualStudioVersion = 17.14.36301.6 d17.14
MinimumVisualStudioVersion = 10.0.40219.1
Project("{FAE04EC0-301F-11D3-BF4B-00C04F79EFBC}") = "Microsoft.CodeAnalysis.CSharp", "Microsoft.CodeAnalysis.CSharp.csproj", "{CA00279E-D693-7A0E-596A-8B809098BEC7}"
EndProject
Global
	GlobalSection(SolutionConfigurationPlatforms) = preSolution
		Debug|Any CPU = Debug|Any CPU
		Release|Any CPU = Release|Any CPU
	EndGlobalSection
	GlobalSection(ProjectConfigurationPlatforms) = postSolution
		{CA00279E-D693-7A0E-596A-8B809098BEC7}.Debug|Any CPU.ActiveCfg = Debug|Any CPU
		{CA00279E-D693-7A0E-596A-8B809098BEC7}.Debug|Any CPU.Build.0 = Debug|Any CPU
		{CA00279E-D693-7A0E-596A-8B809098BEC7}.Release|Any CPU.ActiveCfg = Release|Any CPU
		{CA00279E-D693-7A0E-596A-8B809098BEC7}.Release|Any CPU.Build.0 = Release|Any CPU
	EndGlobalSection
	GlobalSection(SolutionProperties) = preSolution
		HideSolutionNode = FALSE
	EndGlobalSection
	GlobalSection(ExtensibilityGlobals) = postSolution
		SolutionGuid = {EDCDAD67-4F04-4E43-83F8-94C879310D21}
	EndGlobalSection
	GlobalSection(SharedMSBuildProjectFiles) = preSolution
		..\CSharpAnalyzerDriver\CSharpAnalyzerDriver.projitems*{ca00279e-d693-7a0e-596a-8b809098bec7}*SharedItemsImports = 5
	EndGlobalSection
EndGlobal
